// !$*UTF8*$!
{
	archiveVersion = 1;
	classes = {
	};
	objectVersion = 50;
	objects = {

/* Begin PBXBuildFile section */
		1BEDEA8E2274355E000C9C93 /* AppDelegate.swift in Sources */ = {isa = PBXBuildFile; fileRef = 1BEDEA8D2274355E000C9C93 /* AppDelegate.swift */; };
		1BEDEA902274355E000C9C93 /* ViewController.swift in Sources */ = {isa = PBXBuildFile; fileRef = 1BEDEA8F2274355E000C9C93 /* ViewController.swift */; };
		1BEDEA932274355E000C9C93 /* Main.storyboard in Resources */ = {isa = PBXBuildFile; fileRef = 1BEDEA912274355E000C9C93 /* Main.storyboard */; };
		1BEDEA952274355F000C9C93 /* Assets.xcassets in Resources */ = {isa = PBXBuildFile; fileRef = 1BEDEA942274355F000C9C93 /* Assets.xcassets */; };
		1BEDEA982274355F000C9C93 /* LaunchScreen.storyboard in Resources */ = {isa = PBXBuildFile; fileRef = 1BEDEA962274355F000C9C93 /* LaunchScreen.storyboard */; };
		1BEDEAA322743560000C9C93 /* CalenderTests.swift in Sources */ = {isa = PBXBuildFile; fileRef = 1BEDEAA222743560000C9C93 /* CalenderTests.swift */; };
		1BEDEAAE22743560000C9C93 /* CalenderUITests.swift in Sources */ = {isa = PBXBuildFile; fileRef = 1BEDEAAD22743560000C9C93 /* CalenderUITests.swift */; };
		1BEDEAC222749585000C9C93 /* MonthDateManager.swift in Sources */ = {isa = PBXBuildFile; fileRef = 1BEDEAC122749585000C9C93 /* MonthDateManager.swift */; };
		1BEDEAC9227544FC000C9C93 /* a.swift in Sources */ = {isa = PBXBuildFile; fileRef = 1BEDEAC8227544FC000C9C93 /* a.swift */; };
		1BEDEACB22754977000C9C93 /* CalenderView.swift in Sources */ = {isa = PBXBuildFile; fileRef = 1BEDEACA22754977000C9C93 /* CalenderView.swift */; };
		1BEDEADC22758062000C9C93 /* WeekdayView.swift in Sources */ = {isa = PBXBuildFile; fileRef = 1BEDEAD622758062000C9C93 /* WeekdayView.swift */; };
		1BEDEADE22758062000C9C93 /* MonthCalenderCell.swift in Sources */ = {isa = PBXBuildFile; fileRef = 1BEDEAD822758062000C9C93 /* MonthCalenderCell.swift */; };
		1BEDEADF22758062000C9C93 /* DayCell.swift in Sources */ = {isa = PBXBuildFile; fileRef = 1BEDEAD922758062000C9C93 /* DayCell.swift */; };
		1BEDEAE122758062000C9C93 /* TopView.swift in Sources */ = {isa = PBXBuildFile; fileRef = 1BEDEADB22758062000C9C93 /* TopView.swift */; };
		1BEDEAE322758147000C9C93 /* layout.swift in Sources */ = {isa = PBXBuildFile; fileRef = 1BEDEAE222758147000C9C93 /* layout.swift */; };
/* End PBXBuildFile section */

/* Begin PBXContainerItemProxy section */
		1BEDEA9F2274355F000C9C93 /* PBXContainerItemProxy */ = {
			isa = PBXContainerItemProxy;
			containerPortal = 1BEDEA822274355E000C9C93 /* Project object */;
			proxyType = 1;
			remoteGlobalIDString = 1BEDEA892274355E000C9C93;
			remoteInfo = Calender;
		};
		1BEDEAAA22743560000C9C93 /* PBXContainerItemProxy */ = {
			isa = PBXContainerItemProxy;
			containerPortal = 1BEDEA822274355E000C9C93 /* Project object */;
			proxyType = 1;
			remoteGlobalIDString = 1BEDEA892274355E000C9C93;
			remoteInfo = Calender;
		};
/* End PBXContainerItemProxy section */

/* Begin PBXFileReference section */
		1BEDEA8A2274355E000C9C93 /* Calender.app */ = {isa = PBXFileReference; explicitFileType = wrapper.application; includeInIndex = 0; path = Calender.app; sourceTree = BUILT_PRODUCTS_DIR; };
		1BEDEA8D2274355E000C9C93 /* AppDelegate.swift */ = {isa = PBXFileReference; lastKnownFileType = sourcecode.swift; path = AppDelegate.swift; sourceTree = "<group>"; };
		1BEDEA8F2274355E000C9C93 /* ViewController.swift */ = {isa = PBXFileReference; lastKnownFileType = sourcecode.swift; path = ViewController.swift; sourceTree = "<group>"; };
		1BEDEA922274355E000C9C93 /* Base */ = {isa = PBXFileReference; lastKnownFileType = file.storyboard; name = Base; path = Base.lproj/Main.storyboard; sourceTree = "<group>"; };
		1BEDEA942274355F000C9C93 /* Assets.xcassets */ = {isa = PBXFileReference; lastKnownFileType = folder.assetcatalog; path = Assets.xcassets; sourceTree = "<group>"; };
		1BEDEA972274355F000C9C93 /* Base */ = {isa = PBXFileReference; lastKnownFileType = file.storyboard; name = Base; path = Base.lproj/LaunchScreen.storyboard; sourceTree = "<group>"; };
		1BEDEA992274355F000C9C93 /* Info.plist */ = {isa = PBXFileReference; lastKnownFileType = text.plist.xml; path = Info.plist; sourceTree = "<group>"; };
		1BEDEA9E2274355F000C9C93 /* CalenderTests.xctest */ = {isa = PBXFileReference; explicitFileType = wrapper.cfbundle; includeInIndex = 0; path = CalenderTests.xctest; sourceTree = BUILT_PRODUCTS_DIR; };
		1BEDEAA222743560000C9C93 /* CalenderTests.swift */ = {isa = PBXFileReference; lastKnownFileType = sourcecode.swift; path = CalenderTests.swift; sourceTree = "<group>"; };
		1BEDEAA422743560000C9C93 /* Info.plist */ = {isa = PBXFileReference; lastKnownFileType = text.plist.xml; path = Info.plist; sourceTree = "<group>"; };
		1BEDEAA922743560000C9C93 /* CalenderUITests.xctest */ = {isa = PBXFileReference; explicitFileType = wrapper.cfbundle; includeInIndex = 0; path = CalenderUITests.xctest; sourceTree = BUILT_PRODUCTS_DIR; };
		1BEDEAAD22743560000C9C93 /* CalenderUITests.swift */ = {isa = PBXFileReference; lastKnownFileType = sourcecode.swift; path = CalenderUITests.swift; sourceTree = "<group>"; };
		1BEDEAAF22743560000C9C93 /* Info.plist */ = {isa = PBXFileReference; lastKnownFileType = text.plist.xml; path = Info.plist; sourceTree = "<group>"; };
		1BEDEAC122749585000C9C93 /* MonthDateManager.swift */ = {isa = PBXFileReference; fileEncoding = 4; lastKnownFileType = sourcecode.swift; path = MonthDateManager.swift; sourceTree = "<group>"; };
		1BEDEAC8227544FC000C9C93 /* a.swift */ = {isa = PBXFileReference; lastKnownFileType = sourcecode.swift; path = a.swift; sourceTree = "<group>"; };
		1BEDEACA22754977000C9C93 /* CalenderView.swift */ = {isa = PBXFileReference; lastKnownFileType = sourcecode.swift; path = CalenderView.swift; sourceTree = "<group>"; };
		1BEDEAD622758062000C9C93 /* WeekdayView.swift */ = {isa = PBXFileReference; fileEncoding = 4; lastKnownFileType = sourcecode.swift; path = WeekdayView.swift; sourceTree = "<group>"; };
		1BEDEAD822758062000C9C93 /* MonthCalenderCell.swift */ = {isa = PBXFileReference; fileEncoding = 4; lastKnownFileType = sourcecode.swift; path = MonthCalenderCell.swift; sourceTree = "<group>"; };
		1BEDEAD922758062000C9C93 /* DayCell.swift */ = {isa = PBXFileReference; fileEncoding = 4; lastKnownFileType = sourcecode.swift; path = DayCell.swift; sourceTree = "<group>"; };
		1BEDEADB22758062000C9C93 /* TopView.swift */ = {isa = PBXFileReference; fileEncoding = 4; lastKnownFileType = sourcecode.swift; path = TopView.swift; sourceTree = "<group>"; };
		1BEDEAE222758147000C9C93 /* layout.swift */ = {isa = PBXFileReference; lastKnownFileType = sourcecode.swift; path = layout.swift; sourceTree = "<group>"; };
/* End PBXFileReference section */

/* Begin PBXFrameworksBuildPhase section */
		1BEDEA872274355E000C9C93 /* Frameworks */ = {
			isa = PBXFrameworksBuildPhase;
			buildActionMask = 2147483647;
			files = (
			);
			runOnlyForDeploymentPostprocessing = 0;
		};
		1BEDEA9B2274355F000C9C93 /* Frameworks */ = {
			isa = PBXFrameworksBuildPhase;
			buildActionMask = 2147483647;
			files = (
			);
			runOnlyForDeploymentPostprocessing = 0;
		};
		1BEDEAA622743560000C9C93 /* Frameworks */ = {
			isa = PBXFrameworksBuildPhase;
			buildActionMask = 2147483647;
			files = (
			);
			runOnlyForDeploymentPostprocessing = 0;
		};
/* End PBXFrameworksBuildPhase section */

/* Begin PBXGroup section */
		1BEDEA812274355E000C9C93 = {
			isa = PBXGroup;
			children = (
				1BEDEA8C2274355E000C9C93 /* Calender */,
				1BEDEAA122743560000C9C93 /* CalenderTests */,
				1BEDEAAC22743560000C9C93 /* CalenderUITests */,
				1BEDEA8B2274355E000C9C93 /* Products */,
			);
			sourceTree = "<group>";
		};
		1BEDEA8B2274355E000C9C93 /* Products */ = {
			isa = PBXGroup;
			children = (
				1BEDEA8A2274355E000C9C93 /* Calender.app */,
				1BEDEA9E2274355F000C9C93 /* CalenderTests.xctest */,
				1BEDEAA922743560000C9C93 /* CalenderUITests.xctest */,
			);
			name = Products;
			sourceTree = "<group>";
		};
		1BEDEA8C2274355E000C9C93 /* Calender */ = {
			isa = PBXGroup;
			children = (
				1BEDEAE222758147000C9C93 /* layout.swift */,
				1BEDEAC8227544FC000C9C93 /* a.swift */,
				1BEDEAD522758062000C9C93 /* Components */,
				1BEDEA8D2274355E000C9C93 /* AppDelegate.swift */,
				1BEDEA8F2274355E000C9C93 /* ViewController.swift */,
				1BEDEACA22754977000C9C93 /* CalenderView.swift */,
				1BEDEAC122749585000C9C93 /* MonthDateManager.swift */,
				1BEDEA942274355F000C9C93 /* Assets.xcassets */,
				1BEDEAC322752254000C9C93 /* New Group */,
				1BEDEA992274355F000C9C93 /* Info.plist */,
			);
			path = Calender;
			sourceTree = "<group>";
		};
		1BEDEAA122743560000C9C93 /* CalenderTests */ = {
			isa = PBXGroup;
			children = (
				1BEDEAA222743560000C9C93 /* CalenderTests.swift */,
				1BEDEAA422743560000C9C93 /* Info.plist */,
			);
			path = CalenderTests;
			sourceTree = "<group>";
		};
		1BEDEAAC22743560000C9C93 /* CalenderUITests */ = {
			isa = PBXGroup;
			children = (
				1BEDEAAD22743560000C9C93 /* CalenderUITests.swift */,
				1BEDEAAF22743560000C9C93 /* Info.plist */,
			);
			path = CalenderUITests;
			sourceTree = "<group>";
		};
		1BEDEAC322752254000C9C93 /* New Group */ = {
			isa = PBXGroup;
			children = (
				1BEDEA912274355E000C9C93 /* Main.storyboard */,
				1BEDEA962274355F000C9C93 /* LaunchScreen.storyboard */,
			);
			path = "New Group";
			sourceTree = "<group>";
		};
		1BEDEAD522758062000C9C93 /* Components */ = {
			isa = PBXGroup;
			children = (
				1BEDEADB22758062000C9C93 /* TopView.swift */,
				1BEDEAD622758062000C9C93 /* WeekdayView.swift */,
				1BEDEAD822758062000C9C93 /* MonthCalenderCell.swift */,
				1BEDEAD922758062000C9C93 /* DayCell.swift */,
			);
			name = Components;
			path = ../../Components;
			sourceTree = "<group>";
		};
/* End PBXGroup section */

/* Begin PBXNativeTarget section */
		1BEDEA892274355E000C9C93 /* Calender */ = {
			isa = PBXNativeTarget;
			buildConfigurationList = 1BEDEAB222743560000C9C93 /* Build configuration list for PBXNativeTarget "Calender" */;
			buildPhases = (
				1BEDEA862274355E000C9C93 /* Sources */,
				1BEDEA872274355E000C9C93 /* Frameworks */,
				1BEDEA882274355E000C9C93 /* Resources */,
			);
			buildRules = (
			);
			dependencies = (
			);
			name = Calender;
			productName = Calender;
			productReference = 1BEDEA8A2274355E000C9C93 /* Calender.app */;
			productType = "com.apple.product-type.application";
		};
		1BEDEA9D2274355F000C9C93 /* CalenderTests */ = {
			isa = PBXNativeTarget;
			buildConfigurationList = 1BEDEAB522743560000C9C93 /* Build configuration list for PBXNativeTarget "CalenderTests" */;
			buildPhases = (
				1BEDEA9A2274355F000C9C93 /* Sources */,
				1BEDEA9B2274355F000C9C93 /* Frameworks */,
				1BEDEA9C2274355F000C9C93 /* Resources */,
			);
			buildRules = (
			);
			dependencies = (
				1BEDEAA02274355F000C9C93 /* PBXTargetDependency */,
			);
			name = CalenderTests;
			productName = CalenderTests;
			productReference = 1BEDEA9E2274355F000C9C93 /* CalenderTests.xctest */;
			productType = "com.apple.product-type.bundle.unit-test";
		};
		1BEDEAA822743560000C9C93 /* CalenderUITests */ = {
			isa = PBXNativeTarget;
			buildConfigurationList = 1BEDEAB822743560000C9C93 /* Build configuration list for PBXNativeTarget "CalenderUITests" */;
			buildPhases = (
				1BEDEAA522743560000C9C93 /* Sources */,
				1BEDEAA622743560000C9C93 /* Frameworks */,
				1BEDEAA722743560000C9C93 /* Resources */,
			);
			buildRules = (
			);
			dependencies = (
				1BEDEAAB22743560000C9C93 /* PBXTargetDependency */,
			);
			name = CalenderUITests;
			productName = CalenderUITests;
			productReference = 1BEDEAA922743560000C9C93 /* CalenderUITests.xctest */;
			productType = "com.apple.product-type.bundle.ui-testing";
		};
/* End PBXNativeTarget section */

/* Begin PBXProject section */
		1BEDEA822274355E000C9C93 /* Project object */ = {
			isa = PBXProject;
			attributes = {
				LastSwiftUpdateCheck = 1020;
				LastUpgradeCheck = 1020;
				ORGANIZATIONNAME = churabou;
				TargetAttributes = {
					1BEDEA892274355E000C9C93 = {
						CreatedOnToolsVersion = 10.2.1;
					};
					1BEDEA9D2274355F000C9C93 = {
						CreatedOnToolsVersion = 10.2.1;
						TestTargetID = 1BEDEA892274355E000C9C93;
					};
					1BEDEAA822743560000C9C93 = {
						CreatedOnToolsVersion = 10.2.1;
						TestTargetID = 1BEDEA892274355E000C9C93;
					};
				};
			};
			buildConfigurationList = 1BEDEA852274355E000C9C93 /* Build configuration list for PBXProject "Calender" */;
			compatibilityVersion = "Xcode 9.3";
			developmentRegion = en;
			hasScannedForEncodings = 0;
			knownRegions = (
				en,
				Base,
			);
			mainGroup = 1BEDEA812274355E000C9C93;
			productRefGroup = 1BEDEA8B2274355E000C9C93 /* Products */;
			projectDirPath = "";
			projectRoot = "";
			targets = (
				1BEDEA892274355E000C9C93 /* Calender */,
				1BEDEA9D2274355F000C9C93 /* CalenderTests */,
				1BEDEAA822743560000C9C93 /* CalenderUITests */,
			);
		};
/* End PBXProject section */

/* Begin PBXResourcesBuildPhase section */
		1BEDEA882274355E000C9C93 /* Resources */ = {
			isa = PBXResourcesBuildPhase;
			buildActionMask = 2147483647;
			files = (
				1BEDEA982274355F000C9C93 /* LaunchScreen.storyboard in Resources */,
				1BEDEA952274355F000C9C93 /* Assets.xcassets in Resources */,
				1BEDEA932274355E000C9C93 /* Main.storyboard in Resources */,
			);
			runOnlyForDeploymentPostprocessing = 0;
		};
		1BEDEA9C2274355F000C9C93 /* Resources */ = {
			isa = PBXResourcesBuildPhase;
			buildActionMask = 2147483647;
			files = (
			);
			runOnlyForDeploymentPostprocessing = 0;
		};
		1BEDEAA722743560000C9C93 /* Resources */ = {
			isa = PBXResourcesBuildPhase;
			buildActionMask = 2147483647;
			files = (
			);
			runOnlyForDeploymentPostprocessing = 0;
		};
/* End PBXResourcesBuildPhase section */

/* Begin PBXSourcesBuildPhase section */
		1BEDEA862274355E000C9C93 /* Sources */ = {
			isa = PBXSourcesBuildPhase;
			buildActionMask = 2147483647;
			files = (
				1BEDEAE122758062000C9C93 /* TopView.swift in Sources */,
				1BEDEADC22758062000C9C93 /* WeekdayView.swift in Sources */,
				1BEDEA902274355E000C9C93 /* ViewController.swift in Sources */,
				1BEDEADF22758062000C9C93 /* DayCell.swift in Sources */,
				1BEDEADE22758062000C9C93 /* MonthCalenderCell.swift in Sources */,
				1BEDEAC9227544FC000C9C93 /* a.swift in Sources */,
				1BEDEAC222749585000C9C93 /* MonthDateManager.swift in Sources */,
				1BEDEACB22754977000C9C93 /* CalenderView.swift in Sources */,
				1BEDEAE322758147000C9C93 /* layout.swift in Sources */,
				1BEDEA8E2274355E000C9C93 /* AppDelegate.swift in Sources */,
			);
			runOnlyForDeploymentPostprocessing = 0;
		};
		1BEDEA9A2274355F000C9C93 /* Sources */ = {
			isa = PBXSourcesBuildPhase;
			buildActionMask = 2147483647;
			files = (
				1BEDEAA322743560000C9C93 /* CalenderTests.swift in Sources */,
			);
			runOnlyForDeploymentPostprocessing = 0;
		};
		1BEDEAA522743560000C9C93 /* Sources */ = {
			isa = PBXSourcesBuildPhase;
			buildActionMask = 2147483647;
			files = (
				1BEDEAAE22743560000C9C93 /* CalenderUITests.swift in Sources */,
			);
			runOnlyForDeploymentPostprocessing = 0;
		};
/* End PBXSourcesBuildPhase section */

/* Begin PBXTargetDependency section */
		1BEDEAA02274355F000C9C93 /* PBXTargetDependency */ = {
			isa = PBXTargetDependency;
			target = 1BEDEA892274355E000C9C93 /* Calender */;
			targetProxy = 1BEDEA9F2274355F000C9C93 /* PBXContainerItemProxy */;
		};
		1BEDEAAB22743560000C9C93 /* PBXTargetDependency */ = {
			isa = PBXTargetDependency;
			target = 1BEDEA892274355E000C9C93 /* Calender */;
			targetProxy = 1BEDEAAA22743560000C9C93 /* PBXContainerItemProxy */;
		};
/* End PBXTargetDependency section */

/* Begin PBXVariantGroup section */
		1BEDEA912274355E000C9C93 /* Main.storyboard */ = {
			isa = PBXVariantGroup;
			children = (
				1BEDEA922274355E000C9C93 /* Base */,
			);
			name = Main.storyboard;
			sourceTree = "<group>";
		};
		1BEDEA962274355F000C9C93 /* LaunchScreen.storyboard */ = {
			isa = PBXVariantGroup;
			children = (
				1BEDEA972274355F000C9C93 /* Base */,
			);
			name = LaunchScreen.storyboard;
			sourceTree = "<group>";
		};
/* End PBXVariantGroup section */

/* Begin XCBuildConfiguration section */
		1BEDEAB022743560000C9C93 /* Debug */ = {
			isa = XCBuildConfiguration;
			buildSettings = {
				ALWAYS_SEARCH_USER_PATHS = NO;
				CLANG_ANALYZER_NONNULL = YES;
				CLANG_ANALYZER_NUMBER_OBJECT_CONVERSION = YES_AGGRESSIVE;
				CLANG_CXX_LANGUAGE_STANDARD = "gnu++14";
				CLANG_CXX_LIBRARY = "libc++";
				CLANG_ENABLE_MODULES = YES;
				CLANG_ENABLE_OBJC_ARC = YES;
				CLANG_ENABLE_OBJC_WEAK = YES;
				CLANG_WARN_BLOCK_CAPTURE_AUTORELEASING = YES;
				CLANG_WARN_BOOL_CONVERSION = YES;
				CLANG_WARN_COMMA = YES;
				CLANG_WARN_CONSTANT_CONVERSION = YES;
				CLANG_WARN_DEPRECATED_OBJC_IMPLEMENTATIONS = YES;
				CLANG_WARN_DIRECT_OBJC_ISA_USAGE = YES_ERROR;
				CLANG_WARN_DOCUMENTATION_COMMENTS = YES;
				CLANG_WARN_EMPTY_BODY = YES;
				CLANG_WARN_ENUM_CONVERSION = YES;
				CLANG_WARN_INFINITE_RECURSION = YES;
				CLANG_WARN_INT_CONVERSION = YES;
				CLANG_WARN_NON_LITERAL_NULL_CONVERSION = YES;
				CLANG_WARN_OBJC_IMPLICIT_RETAIN_SELF = YES;
				CLANG_WARN_OBJC_LITERAL_CONVERSION = YES;
				CLANG_WARN_OBJC_ROOT_CLASS = YES_ERROR;
				CLANG_WARN_RANGE_LOOP_ANALYSIS = YES;
				CLANG_WARN_STRICT_PROTOTYPES = YES;
				CLANG_WARN_SUSPICIOUS_MOVE = YES;
				CLANG_WARN_UNGUARDED_AVAILABILITY = YES_AGGRESSIVE;
				CLANG_WARN_UNREACHABLE_CODE = YES;
				CLANG_WARN__DUPLICATE_METHOD_MATCH = YES;
				CODE_SIGN_IDENTITY = "iPhone Developer";
				COPY_PHASE_STRIP = NO;
				DEBUG_INFORMATION_FORMAT = dwarf;
				ENABLE_STRICT_OBJC_MSGSEND = YES;
				ENABLE_TESTABILITY = YES;
				GCC_C_LANGUAGE_STANDARD = gnu11;
				GCC_DYNAMIC_NO_PIC = NO;
				GCC_NO_COMMON_BLOCKS = YES;
				GCC_OPTIMIZATION_LEVEL = 0;
				GCC_PREPROCESSOR_DEFINITIONS = (
					"DEBUG=1",
					"$(inherited)",
				);
				GCC_WARN_64_TO_32_BIT_CONVERSION = YES;
				GCC_WARN_ABOUT_RETURN_TYPE = YES_ERROR;
				GCC_WARN_UNDECLARED_SELECTOR = YES;
				GCC_WARN_UNINITIALIZED_AUTOS = YES_AGGRESSIVE;
				GCC_WARN_UNUSED_FUNCTION = YES;
				GCC_WARN_UNUSED_VARIABLE = YES;
				IPHONEOS_DEPLOYMENT_TARGET = 12.2;
				MTL_ENABLE_DEBUG_INFO = INCLUDE_SOURCE;
				MTL_FAST_MATH = YES;
				ONLY_ACTIVE_ARCH = YES;
				SDKROOT = iphoneos;
				SWIFT_ACTIVE_COMPILATION_CONDITIONS = DEBUG;
				SWIFT_OPTIMIZATION_LEVEL = "-Onone";
			};
			name = Debug;
		};
		1BEDEAB122743560000C9C93 /* Release */ = {
			isa = XCBuildConfiguration;
			buildSettings = {
				ALWAYS_SEARCH_USER_PATHS = NO;
				CLANG_ANALYZER_NONNULL = YES;
				CLANG_ANALYZER_NUMBER_OBJECT_CONVERSION = YES_AGGRESSIVE;
				CLANG_CXX_LANGUAGE_STANDARD = "gnu++14";
				CLANG_CXX_LIBRARY = "libc++";
				CLANG_ENABLE_MODULES = YES;
				CLANG_ENABLE_OBJC_ARC = YES;
				CLANG_ENABLE_OBJC_WEAK = YES;
				CLANG_WARN_BLOCK_CAPTURE_AUTORELEASING = YES;
				CLANG_WARN_BOOL_CONVERSION = YES;
				CLANG_WARN_COMMA = YES;
				CLANG_WARN_CONSTANT_CONVERSION = YES;
				CLANG_WARN_DEPRECATED_OBJC_IMPLEMENTATIONS = YES;
				CLANG_WARN_DIRECT_OBJC_ISA_USAGE = YES_ERROR;
				CLANG_WARN_DOCUMENTATION_COMMENTS = YES;
				CLANG_WARN_EMPTY_BODY = YES;
				CLANG_WARN_ENUM_CONVERSION = YES;
				CLANG_WARN_INFINITE_RECURSION = YES;
				CLANG_WARN_INT_CONVERSION = YES;
				CLANG_WARN_NON_LITERAL_NULL_CONVERSION = YES;
				CLANG_WARN_OBJC_IMPLICIT_RETAIN_SELF = YES;
				CLANG_WARN_OBJC_LITERAL_CONVERSION = YES;
				CLANG_WARN_OBJC_ROOT_CLASS = YES_ERROR;
				CLANG_WARN_RANGE_LOOP_ANALYSIS = YES;
				CLANG_WARN_STRICT_PROTOTYPES = YES;
				CLANG_WARN_SUSPICIOUS_MOVE = YES;
				CLANG_WARN_UNGUARDED_AVAILABILITY = YES_AGGRESSIVE;
				CLANG_WARN_UNREACHABLE_CODE = YES;
				CLANG_WARN__DUPLICATE_METHOD_MATCH = YES;
				CODE_SIGN_IDENTITY = "iPhone Developer";
				COPY_PHASE_STRIP = NO;
				DEBUG_INFORMATION_FORMAT = "dwarf-with-dsym";
				ENABLE_NS_ASSERTIONS = NO;
				ENABLE_STRICT_OBJC_MSGSEND = YES;
				GCC_C_LANGUAGE_STANDARD = gnu11;
				GCC_NO_COMMON_BLOCKS = YES;
				GCC_WARN_64_TO_32_BIT_CONVERSION = YES;
				GCC_WARN_ABOUT_RETURN_TYPE = YES_ERROR;
				GCC_WARN_UNDECLARED_SELECTOR = YES;
				GCC_WARN_UNINITIALIZED_AUTOS = YES_AGGRESSIVE;
				GCC_WARN_UNUSED_FUNCTION = YES;
				GCC_WARN_UNUSED_VARIABLE = YES;
				IPHONEOS_DEPLOYMENT_TARGET = 12.2;
				MTL_ENABLE_DEBUG_INFO = NO;
				MTL_FAST_MATH = YES;
				SDKROOT = iphoneos;
				SWIFT_COMPILATION_MODE = wholemodule;
				SWIFT_OPTIMIZATION_LEVEL = "-O";
				VALIDATE_PRODUCT = YES;
			};
			name = Release;
		};
		1BEDEAB322743560000C9C93 /* Debug */ = {
			isa = XCBuildConfiguration;
			buildSettings = {
				ASSETCATALOG_COMPILER_APPICON_NAME = AppIcon;
				CODE_SIGN_STYLE = Automatic;
				DEVELOPMENT_TEAM = 84SRQMJE42;
				INFOPLIST_FILE = Calender/Info.plist;
				IPHONEOS_DEPLOYMENT_TARGET = 11.2;
				LD_RUNPATH_SEARCH_PATHS = (
					"$(inherited)",
					"@executable_path/Frameworks",
				);
				PRODUCT_BUNDLE_IDENTIFIER = churabou.Calender;
				PRODUCT_NAME = "$(TARGET_NAME)";
				SWIFT_VERSION = 5.0;
				TARGETED_DEVICE_FAMILY = "1,2";
			};
			name = Debug;
		};
		1BEDEAB422743560000C9C93 /* Release */ = {
			isa = XCBuildConfiguration;
			buildSettings = {
				ASSETCATALOG_COMPILER_APPICON_NAME = AppIcon;
				CODE_SIGN_STYLE = Automatic;
				DEVELOPMENT_TEAM = 84SRQMJE42;
				INFOPLIST_FILE = Calender/Info.plist;
				IPHONEOS_DEPLOYMENT_TARGET = 11.2;
				LD_RUNPATH_SEARCH_PATHS = (
					"$(inherited)",
					"@executable_path/Frameworks",
				);
				PRODUCT_BUNDLE_IDENTIFIER = churabou.Calender;
				PRODUCT_NAME = "$(TARGET_NAME)";
				SWIFT_VERSION = 5.0;
				TARGETED_DEVICE_FAMILY = "1,2";
			};
			name = Release;
		};
		1BEDEAB622743560000C9C93 /* Debug */ = {
			isa = XCBuildConfiguration;
			buildSettings = {
				ALWAYS_EMBED_SWIFT_STANDARD_LIBRARIES = YES;
				BUNDLE_LOADER = "$(TEST_HOST)";
				CODE_SIGN_STYLE = Automatic;
				DEVELOPMENT_TEAM = 84SRQMJE42;
				INFOPLIST_FILE = CalenderTests/Info.plist;
				LD_RUNPATH_SEARCH_PATHS = (
					"$(inherited)",
					"@executable_path/Frameworks",
					"@loader_path/Frameworks",
				);
				PRODUCT_BUNDLE_IDENTIFIER = churabou.CalenderTests;
				PRODUCT_NAME = "$(TARGET_NAME)";
				SWIFT_VERSION = 5.0;
				TARGETED_DEVICE_FAMILY = "1,2";
				TEST_HOST = "$(BUILT_PRODUCTS_DIR)/Calender.app/Calender";
			};
			name = Debug;
		};
		1BEDEAB722743560000C9C93 /* Release */ = {
			isa = XCBuildConfiguration;
			buildSettings = {
				ALWAYS_EMBED_SWIFT_STANDARD_LIBRARIES = YES;
				BUNDLE_LOADER = "$(TEST_HOST)";
				CODE_SIGN_STYLE = Automatic;
				DEVELOPMENT_TEAM = 84SRQMJE42;
				INFOPLIST_FILE = CalenderTests/Info.plist;
				LD_RUNPATH_SEARCH_PATHS = (
					"$(inherited)",
					"@executable_path/Frameworks",
					"@loader_path/Frameworks",
				);
				PRODUCT_BUNDLE_IDENTIFIER = churabou.CalenderTests;
				PRODUCT_NAME = "$(TARGET_NAME)";
				SWIFT_VERSION = 5.0;
				TARGETED_DEVICE_FAMILY = "1,2";
				TEST_HOST = "$(BUILT_PRODUCTS_DIR)/Calender.app/Calender";
			};
			name = Release;
		};
		1BEDEAB922743560000C9C93 /* Debug */ = {
			isa = XCBuildConfiguration;
			buildSettings = {
				ALWAYS_EMBED_SWIFT_STANDARD_LIBRARIES = YES;
				CODE_SIGN_STYLE = Automatic;
				DEVELOPMENT_TEAM = 84SRQMJE42;
				INFOPLIST_FILE = CalenderUITests/Info.plist;
				LD_RUNPATH_SEARCH_PATHS = (
					"$(inherited)",
					"@executable_path/Frameworks",
					"@loader_path/Frameworks",
				);
				PRODUCT_BUNDLE_IDENTIFIER = churabou.CalenderUITests;
				PRODUCT_NAME = "$(TARGET_NAME)";
				SWIFT_VERSION = 5.0;
				TARGETED_DEVICE_FAMILY = "1,2";
				TEST_TARGET_NAME = Calender;
			};
			name = Debug;
		};
		1BEDEABA22743560000C9C93 /* Release */ = {
			isa = XCBuildConfiguration;
			buildSettings = {
				ALWAYS_EMBED_SWIFT_STANDARD_LIBRARIES = YES;
				CODE_SIGN_STYLE = Automatic;
				DEVELOPMENT_TEAM = 84SRQMJE42;
				INFOPLIST_FILE = CalenderUITests/Info.plist;
				LD_RUNPATH_SEARCH_PATHS = (
					"$(inherited)",
					"@executable_path/Frameworks",
					"@loader_path/Frameworks",
				);
				PRODUCT_BUNDLE_IDENTIFIER = churabou.CalenderUITests;
				PRODUCT_NAME = "$(TARGET_NAME)";
				SWIFT_VERSION = 5.0;
				TARGETED_DEVICE_FAMILY = "1,2";
				TEST_TARGET_NAME = Calender;
			};
			name = Release;
		};
/* End XCBuildConfiguration section */

/* Begin XCConfigurationList section */
		1BEDEA852274355E000C9C93 /* Build configuration list for PBXProject "Calender" */ = {
			isa = XCConfigurationList;
			buildConfigurations = (
				1BEDEAB022743560000C9C93 /* Debug */,
				1BEDEAB122743560000C9C93 /* Release */,
			);
			defaultConfigurationIsVisible = 0;
			defaultConfigurationName = Release;
		};
		1BEDEAB222743560000C9C93 /* Build configuration list for PBXNativeTarget "Calender" */ = {
			isa = XCConfigurationList;
			buildConfigurations = (
				1BEDEAB322743560000C9C93 /* Debug */,
				1BEDEAB422743560000C9C93 /* Release */,
			);
			defaultConfigurationIsVisible = 0;
			defaultConfigurationName = Release;
		};
		1BEDEAB522743560000C9C93 /* Build configuration list for PBXNativeTarget "CalenderTests" */ = {
			isa = XCConfigurationList;
			buildConfigurations = (
				1BEDEAB622743560000C9C93 /* Debug */,
				1BEDEAB722743560000C9C93 /* Release */,
			);
			defaultConfigurationIsVisible = 0;
			defaultConfigurationName = Release;
		};
		1BEDEAB822743560000C9C93 /* Build configuration list for PBXNativeTarget "CalenderUITests" */ = {
			isa = XCConfigurationList;
			buildConfigurations = (
				1BEDEAB922743560000C9C93 /* Debug */,
				1BEDEABA22743560000C9C93 /* Release */,
			);
			defaultConfigurationIsVisible = 0;
			defaultConfigurationName = Release;
		};
/* End XCConfigurationList section */
	};
	rootObject = 1BEDEA822274355E000C9C93 /* Project object */;
}
